{
  "nodes": {
    "nixpkgs": {
      "locked": {
        "lastModified": 1605552425,
        "narHash": "sha256-Fby58j0u6EJpizMSZKTtsgPxYr2ZD7nHx9uVB7mCpL4=",
        "owner": "NixOS",
        "repo": "nixpkgs",
        "rev": "a6b361d6276b7c413ffea0a28a1a3259d2275e2e",
        "type": "github"
      },
      "original": {
        "owner": "NixOS",
        "repo": "nixpkgs",
        "rev": "a6b361d6276b7c413ffea0a28a1a3259d2275e2e",
        "type": "github"
      }
    },
    "root": {
      "inputs": {
        "nixpkgs": "nixpkgs",
        "utils": "utils"
      }
    },
    "utils": {
      "locked": {
        "lastModified": 1609246779,
        "narHash": "sha256-eq6ZXE/VWo3EMC65jmIT6H/rrUc9UWOWVujkzav025k=",
        "owner": "numtide",
        "repo": "flake-utils",
        "rev": "08c7ad4a0844adc4a7f9f5bb3beae482e789afa4",
        "type": "github"
      },
      "original": {
        "owner": "numtide",
        "repo": "flake-utils",
        "type": "github"
      }
    }
  },
  "root": "root",
  "version": 7
}
